
Microsoft Visual Studio Solution File, Format Version 12.00
# Visual Studio Version 17
VisualStudioVersion = 17.14.36623.8 d17.14
MinimumVisualStudioVersion = 10.0.40219.1
Project("{FAE04EC0-301F-11D3-BF4B-00C04F79EFBC}") = "UrlShortenerSystem", "UrlShortenerSystem\UrlShortenerSystem.csproj", "{0578B7C8-448A-4A4C-BECC-A431DDC86659}"
EndProject
Global
	GlobalSection(SolutionConfigurationPlatforms) = preSolution
		Debug|Any CPU = Debug|Any CPU
		Release|Any CPU = Release|Any CPU
	EndGlobalSection
	GlobalSection(ProjectConfigurationPlatforms) = postSolution
		{0578B7C8-448A-4A4C-BECC-A431DDC86659}.Debug|Any CPU.ActiveCfg = Debug|Any CPU
		{0578B7C8-448A-4A4C-BECC-A431DDC86659}.Debug|Any CPU.Build.0 = Debug|Any CPU
		{0578B7C8-448A-4A4C-BECC-A431DDC86659}.Release|Any CPU.ActiveCfg = Release|Any CPU
		{0578B7C8-448A-4A4C-BECC-A431DDC86659}.Release|Any CPU.Build.0 = Release|Any CPU
	EndGlobalSection
	GlobalSection(SolutionProperties) = preSolution
		HideSolutionNode = FALSE
	EndGlobalSection
	GlobalSection(ExtensibilityGlobals) = postSolution
		SolutionGuid = {F45DE74B-A1DB-48B0-A7C6-99B5BD37C51F}
	EndGlobalSection
EndGlobal
